
Microsoft Visual Studio Solution File, Format Version 12.00
# Visual Studio Version 17
VisualStudioVersion = 17.6.33829.357
MinimumVisualStudioVersion = 10.0.40219.1
Project("{9A19103F-16F7-4668-BE54-9A1E7A4F7556}") = "BooksApi", "BooksApi\BooksApi.csproj", "{BE6DFBD7-999D-43E8-A93D-562D4314F823}"
EndProject
Project("{FAE04EC0-301F-11D3-BF4B-00C04F79EFBC}") = "BooksClient", "BooksClient\BooksClient.csproj", "{850EBBF3-7955-4B4F-8449-54D75A367220}"
EndProject
Global
	GlobalSection(SolutionConfigurationPlatforms) = preSolution
		Debug|Any CPU = Debug|Any CPU
		Release|Any CPU = Release|Any CPU
	EndGlobalSection
	GlobalSection(ProjectConfigurationPlatforms) = postSolution
		{BE6DFBD7-999D-43E8-A93D-562D4314F823}.Debug|Any CPU.ActiveCfg = Debug|Any CPU
		{BE6DFBD7-999D-43E8-A93D-562D4314F823}.Debug|Any CPU.Build.0 = Debug|Any CPU
		{BE6DFBD7-999D-43E8-A93D-562D4314F823}.Release|Any CPU.ActiveCfg = Release|Any CPU
		{BE6DFBD7-999D-43E8-A93D-562D4314F823}.Release|Any CPU.Build.0 = Release|Any CPU
		{850EBBF3-7955-4B4F-8449-54D75A367220}.Debug|Any CPU.ActiveCfg = Debug|Any CPU
		{850EBBF3-7955-4B4F-8449-54D75A367220}.Debug|Any CPU.Build.0 = Debug|Any CPU
		{850EBBF3-7955-4B4F-8449-54D75A367220}.Release|Any CPU.ActiveCfg = Release|Any CPU
		{850EBBF3-7955-4B4F-8449-54D75A367220}.Release|Any CPU.Build.0 = Release|Any CPU
	EndGlobalSection
	GlobalSection(SolutionProperties) = preSolution
		HideSolutionNode = FALSE
	EndGlobalSection
	GlobalSection(ExtensibilityGlobals) = postSolution
		SolutionGuid = {06BF3D8E-8B33-4251-8E71-63378169C69E}
	EndGlobalSection
EndGlobal
